
Microsoft Visual Studio Solution File, Format Version 12.00
# Visual Studio Version 17
VisualStudioVersion = 17.0.32014.148
MinimumVisualStudioVersion = 10.0.40219.1
Project("{FAE04EC0-301F-11D3-BF4B-00C04F79EFBC}") = "ExercicioPOOContaBancaria", "ExercicioPOOContaBancaria.csproj", "{378075AC-5A45-4029-B619-BF9B6D1B3753}"
EndProject
Global
	GlobalSection(SolutionConfigurationPlatforms) = preSolution
		Debug|Any CPU = Debug|Any CPU
		Release|Any CPU = Release|Any CPU
	EndGlobalSection
	GlobalSection(ProjectConfigurationPlatforms) = postSolution
		{378075AC-5A45-4029-B619-BF9B6D1B3753}.Debug|Any CPU.ActiveCfg = Debug|Any CPU
		{378075AC-5A45-4029-B619-BF9B6D1B3753}.Debug|Any CPU.Build.0 = Debug|Any CPU
		{378075AC-5A45-4029-B619-BF9B6D1B3753}.Release|Any CPU.ActiveCfg = Release|Any CPU
		{378075AC-5A45-4029-B619-BF9B6D1B3753}.Release|Any CPU.Build.0 = Release|Any CPU
	EndGlobalSection
	GlobalSection(SolutionProperties) = preSolution
		HideSolutionNode = FALSE
	EndGlobalSection
	GlobalSection(ExtensibilityGlobals) = postSolution
		SolutionGuid = {E40CAA1B-F87D-4DB3-9649-F8F2BDC70597}
	EndGlobalSection
EndGlobal
